
Microsoft Visual Studio Solution File, Format Version 12.00
# Visual Studio Version 16
VisualStudioVersion = 16.0.31624.102
MinimumVisualStudioVersion = 10.0.40219.1
Project("{FAE04EC0-301F-11D3-BF4B-00C04F79EFBC}") = "Volonter", "Volonter\Volonter.csproj", "{BE5ADD8C-1BF4-483F-9154-CF50D990EED0}"
EndProject
Project("{FAE04EC0-301F-11D3-BF4B-00C04F79EFBC}") = "Koordibnator", "Koordibnator\Koordibnator.csproj", "{7F25F58D-E9F4-4345-88EC-7D27B3002261}"
EndProject
Project("{FAE04EC0-301F-11D3-BF4B-00C04F79EFBC}") = "FastReager", "FastReager\FastReager.csproj", "{C507E3F5-BB4F-44BE-97EB-F1005870D923}"
EndProject
Global
	GlobalSection(SolutionConfigurationPlatforms) = preSolution
		Debug|Any CPU = Debug|Any CPU
		Release|Any CPU = Release|Any CPU
	EndGlobalSection
	GlobalSection(ProjectConfigurationPlatforms) = postSolution
		{BE5ADD8C-1BF4-483F-9154-CF50D990EED0}.Debug|Any CPU.ActiveCfg = Debug|Any CPU
		{BE5ADD8C-1BF4-483F-9154-CF50D990EED0}.Debug|Any CPU.Build.0 = Debug|Any CPU
		{BE5ADD8C-1BF4-483F-9154-CF50D990EED0}.Release|Any CPU.ActiveCfg = Release|Any CPU
		{BE5ADD8C-1BF4-483F-9154-CF50D990EED0}.Release|Any CPU.Build.0 = Release|Any CPU
		{7F25F58D-E9F4-4345-88EC-7D27B3002261}.Debug|Any CPU.ActiveCfg = Debug|Any CPU
		{7F25F58D-E9F4-4345-88EC-7D27B3002261}.Debug|Any CPU.Build.0 = Debug|Any CPU
		{7F25F58D-E9F4-4345-88EC-7D27B3002261}.Release|Any CPU.ActiveCfg = Release|Any CPU
		{7F25F58D-E9F4-4345-88EC-7D27B3002261}.Release|Any CPU.Build.0 = Release|Any CPU
		{C507E3F5-BB4F-44BE-97EB-F1005870D923}.Debug|Any CPU.ActiveCfg = Debug|Any CPU
		{C507E3F5-BB4F-44BE-97EB-F1005870D923}.Debug|Any CPU.Build.0 = Debug|Any CPU
		{C507E3F5-BB4F-44BE-97EB-F1005870D923}.Release|Any CPU.ActiveCfg = Release|Any CPU
		{C507E3F5-BB4F-44BE-97EB-F1005870D923}.Release|Any CPU.Build.0 = Release|Any CPU
	EndGlobalSection
	GlobalSection(SolutionProperties) = preSolution
		HideSolutionNode = FALSE
	EndGlobalSection
	GlobalSection(ExtensibilityGlobals) = postSolution
		SolutionGuid = {3B132D6A-6071-49FA-B883-D9E3500F08AC}
	EndGlobalSection
EndGlobal
